
Microsoft Visual Studio Solution File, Format Version 12.00
# Visual Studio Version 17
VisualStudioVersion = 17.12.35521.163
MinimumVisualStudioVersion = 10.0.40219.1
Project("{FAE04EC0-301F-11D3-BF4B-00C04F79EFBC}") = "Biz", "Biz\Biz.csproj", "{5C866871-AEDE-45A1-BDA3-DAC21EA918EF}"
EndProject
Project("{FAE04EC0-301F-11D3-BF4B-00C04F79EFBC}") = "ConsolePresentation", "ConsolePresentation\ConsolePresentation.csproj", "{A43B8B9D-33DD-45BB-9DBF-A290DF976B65}"
EndProject
Project("{FAE04EC0-301F-11D3-BF4B-00C04F79EFBC}") = "Tests", "Tests\Tests.csproj", "{403610B6-3A2D-4D06-9452-B021EBF59D59}"
EndProject
Global
	GlobalSection(SolutionConfigurationPlatforms) = preSolution
		Debug|Any CPU = Debug|Any CPU
		Release|Any CPU = Release|Any CPU
	EndGlobalSection
	GlobalSection(ProjectConfigurationPlatforms) = postSolution
		{5C866871-AEDE-45A1-BDA3-DAC21EA918EF}.Debug|Any CPU.ActiveCfg = Debug|Any CPU
		{5C866871-AEDE-45A1-BDA3-DAC21EA918EF}.Debug|Any CPU.Build.0 = Debug|Any CPU
		{5C866871-AEDE-45A1-BDA3-DAC21EA918EF}.Release|Any CPU.ActiveCfg = Release|Any CPU
		{5C866871-AEDE-45A1-BDA3-DAC21EA918EF}.Release|Any CPU.Build.0 = Release|Any CPU
		{A43B8B9D-33DD-45BB-9DBF-A290DF976B65}.Debug|Any CPU.ActiveCfg = Debug|Any CPU
		{A43B8B9D-33DD-45BB-9DBF-A290DF976B65}.Debug|Any CPU.Build.0 = Debug|Any CPU
		{A43B8B9D-33DD-45BB-9DBF-A290DF976B65}.Release|Any CPU.ActiveCfg = Release|Any CPU
		{A43B8B9D-33DD-45BB-9DBF-A290DF976B65}.Release|Any CPU.Build.0 = Release|Any CPU
		{403610B6-3A2D-4D06-9452-B021EBF59D59}.Debug|Any CPU.ActiveCfg = Debug|Any CPU
		{403610B6-3A2D-4D06-9452-B021EBF59D59}.Debug|Any CPU.Build.0 = Debug|Any CPU
		{403610B6-3A2D-4D06-9452-B021EBF59D59}.Release|Any CPU.ActiveCfg = Release|Any CPU
		{403610B6-3A2D-4D06-9452-B021EBF59D59}.Release|Any CPU.Build.0 = Release|Any CPU
	EndGlobalSection
	GlobalSection(SolutionProperties) = preSolution
		HideSolutionNode = FALSE
	EndGlobalSection
EndGlobal
